{
  "version": 4,
  "terraform_version": "1.3.5",
  "serial": 10,
  "lineage": "112ae653-67c7-342c-f662-985147591dc1",
  "outputs": {
    "dev_subnet_01_gateway": {
      "value": "google_compute_subnetwork.dev_subnet_01.gateway_address",
      "type": "string"
    },
    "development_network_id": {
      "value": "google_compute_network.development_network.id",
      "type": "string"
    }
  },
  "resources": [
    {
      "mode": "data",
      "type": "google_compute_network",
      "name": "existing_default_network",
      "provider": "provider[\"registry.terraform.io/hashicorp/google\"]",
      "instances": [
        {
          "schema_version": 0,
          "attributes": {
            "description": "Default network for the project",
            "gateway_ipv4": "",
            "id": "projects/learn-terraform-370214/global/networks/default",
            "name": "default",
            "project": null,
            "self_link": "https://www.googleapis.com/compute/v1/projects/learn-terraform-370214/global/networks/default",
            "subnetworks_self_links": [
              "https://www.googleapis.com/compute/v1/projects/learn-terraform-370214/regions/europe-west1/subnetworks/default",
              "https://www.googleapis.com/compute/v1/projects/learn-terraform-370214/regions/me-west1/subnetworks/default",
              "https://www.googleapis.com/compute/v1/projects/learn-terraform-370214/regions/europe-central2/subnetworks/default",
              "https://www.googleapis.com/compute/v1/projects/learn-terraform-370214/regions/asia-southeast2/subnetworks/default",
              "https://www.googleapis.com/compute/v1/projects/learn-terraform-370214/regions/us-east1/subnetworks/default",
              "https://www.googleapis.com/compute/v1/projects/learn-terraform-370214/regions/europe-west9/subnetworks/default",
              "https://www.googleapis.com/compute/v1/projects/learn-terraform-370214/regions/southamerica-east1/subnetworks/default",
              "https://www.googleapis.com/compute/v1/projects/learn-terraform-370214/regions/europe-north1/subnetworks/default",
              "https://www.googleapis.com/compute/v1/projects/learn-terraform-370214/regions/northamerica-northeast1/subnetworks/default",
              "https://www.googleapis.com/compute/v1/projects/learn-terraform-370214/regions/asia-south1/subnetworks/default",
              "https://www.googleapis.com/compute/v1/projects/learn-terraform-370214/regions/us-west2/subnetworks/default",
              "https://www.googleapis.com/compute/v1/projects/learn-terraform-370214/regions/australia-southeast1/subnetworks/default",
              "https://www.googleapis.com/compute/v1/projects/learn-terraform-370214/regions/us-east4/subnetworks/default",
              "https://www.googleapis.com/compute/v1/projects/learn-terraform-370214/regions/asia-northeast1/subnetworks/default",
              "https://www.googleapis.com/compute/v1/projects/learn-terraform-370214/regions/us-east7/subnetworks/default",
              "https://www.googleapis.com/compute/v1/projects/learn-terraform-370214/regions/northamerica-northeast2/subnetworks/default",
              "https://www.googleapis.com/compute/v1/projects/learn-terraform-370214/regions/europe-west2/subnetworks/default",
              "https://www.googleapis.com/compute/v1/projects/learn-terraform-370214/regions/europe-west3/subnetworks/default",
              "https://www.googleapis.com/compute/v1/projects/learn-terraform-370214/regions/us-west1/subnetworks/default",
              "https://www.googleapis.com/compute/v1/projects/learn-terraform-370214/regions/asia-northeast3/subnetworks/default",
              "https://www.googleapis.com/compute/v1/projects/learn-terraform-370214/regions/us-central1/subnetworks/default",
              "https://www.googleapis.com/compute/v1/projects/learn-terraform-370214/regions/asia-east2/subnetworks/default",
              "https://www.googleapis.com/compute/v1/projects/learn-terraform-370214/regions/australia-southeast2/subnetworks/default",
              "https://www.googleapis.com/compute/v1/projects/learn-terraform-370214/regions/asia-southeast1/subnetworks/default",
              "https://www.googleapis.com/compute/v1/projects/learn-terraform-370214/regions/asia-northeast2/subnetworks/default",
              "https://www.googleapis.com/compute/v1/projects/learn-terraform-370214/regions/europe-west6/subnetworks/default",
              "https://www.googleapis.com/compute/v1/projects/learn-terraform-370214/regions/europe-southwest1/subnetworks/default",
              "https://www.googleapis.com/compute/v1/projects/learn-terraform-370214/regions/asia-southeast2/subnetworks/dev-subnet-02",
              "https://www.googleapis.com/compute/v1/projects/learn-terraform-370214/regions/us-west3/subnetworks/default",
              "https://www.googleapis.com/compute/v1/projects/learn-terraform-370214/regions/us-west4/subnetworks/default",
              "https://www.googleapis.com/compute/v1/projects/learn-terraform-370214/regions/southamerica-west1/subnetworks/default",
              "https://www.googleapis.com/compute/v1/projects/learn-terraform-370214/regions/us-south1/subnetworks/default",
              "https://www.googleapis.com/compute/v1/projects/learn-terraform-370214/regions/asia-south2/subnetworks/default",
              "https://www.googleapis.com/compute/v1/projects/learn-terraform-370214/regions/europe-west4/subnetworks/default",
              "https://www.googleapis.com/compute/v1/projects/learn-terraform-370214/regions/us-east5/subnetworks/default",
              "https://www.googleapis.com/compute/v1/projects/learn-terraform-370214/regions/asia-east1/subnetworks/default",
              "https://www.googleapis.com/compute/v1/projects/learn-terraform-370214/regions/europe-west8/subnetworks/default"
            ]
          },
          "sensitive_attributes": []
        }
      ]
    },
    {
      "mode": "managed",
      "type": "google_compute_network",
      "name": "development_network",
      "provider": "provider[\"registry.terraform.io/hashicorp/google\"]",
      "instances": [
        {
          "schema_version": 0,
          "attributes": {
            "auto_create_subnetworks": false,
            "delete_default_routes_on_create": false,
            "description": "",
            "enable_ula_internal_ipv6": false,
            "gateway_ipv4": "",
            "id": "projects/learn-terraform-370214/global/networks/development-network",
            "internal_ipv6_range": "",
            "mtu": 0,
            "name": "development-network",
            "project": "learn-terraform-370214",
            "routing_mode": "REGIONAL",
            "self_link": "https://www.googleapis.com/compute/v1/projects/learn-terraform-370214/global/networks/development-network",
            "timeouts": null
          },
          "sensitive_attributes": [],
          "private": "eyJlMmJmYjczMC1lY2FhLTExZTYtOGY4OC0zNDM2M2JjN2M0YzAiOnsiY3JlYXRlIjoxMjAwMDAwMDAwMDAwLCJkZWxldGUiOjEyMDAwMDAwMDAwMDAsInVwZGF0ZSI6MTIwMDAwMDAwMDAwMH19"
        }
      ]
    },
    {
      "mode": "managed",
      "type": "google_compute_subnetwork",
      "name": "dev_subnet_01",
      "provider": "provider[\"registry.terraform.io/hashicorp/google\"]",
      "instances": [
        {
          "schema_version": 0,
          "attributes": {
            "creation_timestamp": "2022-12-03T19:48:32.687-08:00",
            "description": "",
            "external_ipv6_prefix": "",
            "fingerprint": null,
            "gateway_address": "10.140.0.1",
            "id": "projects/learn-terraform-370214/regions/asia-southeast2/subnetworks/dev-subnet-01",
            "ip_cidr_range": "10.140.0.0/16",
            "ipv6_access_type": "",
            "ipv6_cidr_range": "",
            "log_config": [],
            "name": "dev-subnet-01",
            "network": "https://www.googleapis.com/compute/v1/projects/learn-terraform-370214/global/networks/development-network",
            "private_ip_google_access": false,
            "private_ipv6_google_access": "DISABLE_GOOGLE_ACCESS",
            "project": "learn-terraform-370214",
            "purpose": "PRIVATE",
            "region": "asia-southeast2",
            "role": "",
            "secondary_ip_range": [
              {
                "ip_cidr_range": "192.168.20.0/24",
                "range_name": "secondary-range-01"
              }
            ],
            "self_link": "https://www.googleapis.com/compute/v1/projects/learn-terraform-370214/regions/asia-southeast2/subnetworks/dev-subnet-01",
            "stack_type": "IPV4_ONLY",
            "timeouts": null
          },
          "sensitive_attributes": [],
          "private": "eyJlMmJmYjczMC1lY2FhLTExZTYtOGY4OC0zNDM2M2JjN2M0YzAiOnsiY3JlYXRlIjoxMjAwMDAwMDAwMDAwLCJkZWxldGUiOjEyMDAwMDAwMDAwMDAsInVwZGF0ZSI6MTIwMDAwMDAwMDAwMH19",
          "dependencies": [
            "google_compute_network.development_network"
          ]
        }
      ]
    },
    {
      "mode": "managed",
      "type": "google_compute_subnetwork",
      "name": "dev_subnet_02",
      "provider": "provider[\"registry.terraform.io/hashicorp/google\"]",
      "instances": [
        {
          "schema_version": 0,
          "attributes": {
            "creation_timestamp": "2022-12-01T15:38:00.996-08:00",
            "description": "",
            "external_ipv6_prefix": "",
            "fingerprint": null,
            "gateway_address": "10.110.0.1",
            "id": "projects/learn-terraform-370214/regions/asia-southeast2/subnetworks/dev-subnet-02",
            "ip_cidr_range": "10.110.0.0/16",
            "ipv6_access_type": "",
            "ipv6_cidr_range": "",
            "log_config": [],
            "name": "dev-subnet-02",
            "network": "https://www.googleapis.com/compute/v1/projects/learn-terraform-370214/global/networks/default",
            "private_ip_google_access": false,
            "private_ipv6_google_access": "DISABLE_GOOGLE_ACCESS",
            "project": "learn-terraform-370214",
            "purpose": "PRIVATE",
            "region": "asia-southeast2",
            "role": "",
            "secondary_ip_range": [],
            "self_link": "https://www.googleapis.com/compute/v1/projects/learn-terraform-370214/regions/asia-southeast2/subnetworks/dev-subnet-02",
            "stack_type": "IPV4_ONLY",
            "timeouts": null
          },
          "sensitive_attributes": [],
          "private": "eyJlMmJmYjczMC1lY2FhLTExZTYtOGY4OC0zNDM2M2JjN2M0YzAiOnsiY3JlYXRlIjoxMjAwMDAwMDAwMDAwLCJkZWxldGUiOjEyMDAwMDAwMDAwMDAsInVwZGF0ZSI6MTIwMDAwMDAwMDAwMH19",
          "dependencies": [
            "data.google_compute_network.existing_default_network"
          ]
        }
      ]
    }
  ],
  "check_results": null
}
